
Microsoft Visual Studio Solution File, Format Version 12.00
# Visual Studio Version 16
VisualStudioVersion = 16.0.30907.101
MinimumVisualStudioVersion = 10.0.40219.1
Project("{888888A0-9F3D-457C-B088-3A5042F75D52}") = "Site Parser", "Site Parser\Site Parser.pyproj", "{FECC2DDF-CC2E-4034-B3A5-2C27F614212D}"
EndProject
Global
	GlobalSection(SolutionConfigurationPlatforms) = preSolution
		Debug|Any CPU = Debug|Any CPU
		Release|Any CPU = Release|Any CPU
	EndGlobalSection
	GlobalSection(ProjectConfigurationPlatforms) = postSolution
		{FECC2DDF-CC2E-4034-B3A5-2C27F614212D}.Debug|Any CPU.ActiveCfg = Debug|Any CPU
		{FECC2DDF-CC2E-4034-B3A5-2C27F614212D}.Release|Any CPU.ActiveCfg = Release|Any CPU
	EndGlobalSection
	GlobalSection(SolutionProperties) = preSolution
		HideSolutionNode = FALSE
	EndGlobalSection
	GlobalSection(ExtensibilityGlobals) = postSolution
		SolutionGuid = {01EC7C8B-C200-4133-9030-5159EF43CCC6}
	EndGlobalSection
EndGlobal
